
Microsoft Visual Studio Solution File, Format Version 12.00
# Visual Studio Version 16
VisualStudioVersion = 16.0.30128.74
MinimumVisualStudioVersion = 10.0.40219.1
Project("{FAE04EC0-301F-11D3-BF4B-00C04F79EFBC}") = "OnlineShop", "OnlineShop\OnlineShop.csproj", "{35A39C60-D6AC-426B-9459-5CB125BA2169}"
EndProject
Project("{FAE04EC0-301F-11D3-BF4B-00C04F79EFBC}") = "Model", "Model\Model.csproj", "{79AAF430-436F-482A-BB55-F4EEDFF9C73F}"
EndProject
Project("{FAE04EC0-301F-11D3-BF4B-00C04F79EFBC}") = "Common", "Common\Common.csproj", "{A763A3F5-54A5-4ACB-8C07-5E46BFE21DD1}"
EndProject
Global
	GlobalSection(SolutionConfigurationPlatforms) = preSolution
		Debug|Any CPU = Debug|Any CPU
		Release|Any CPU = Release|Any CPU
	EndGlobalSection
	GlobalSection(ProjectConfigurationPlatforms) = postSolution
		{35A39C60-D6AC-426B-9459-5CB125BA2169}.Debug|Any CPU.ActiveCfg = Debug|Any CPU
		{35A39C60-D6AC-426B-9459-5CB125BA2169}.Debug|Any CPU.Build.0 = Debug|Any CPU
		{35A39C60-D6AC-426B-9459-5CB125BA2169}.Release|Any CPU.ActiveCfg = Release|Any CPU
		{35A39C60-D6AC-426B-9459-5CB125BA2169}.Release|Any CPU.Build.0 = Release|Any CPU
		{79AAF430-436F-482A-BB55-F4EEDFF9C73F}.Debug|Any CPU.ActiveCfg = Debug|Any CPU
		{79AAF430-436F-482A-BB55-F4EEDFF9C73F}.Debug|Any CPU.Build.0 = Debug|Any CPU
		{79AAF430-436F-482A-BB55-F4EEDFF9C73F}.Release|Any CPU.ActiveCfg = Release|Any CPU
		{79AAF430-436F-482A-BB55-F4EEDFF9C73F}.Release|Any CPU.Build.0 = Release|Any CPU
		{A763A3F5-54A5-4ACB-8C07-5E46BFE21DD1}.Debug|Any CPU.ActiveCfg = Debug|Any CPU
		{A763A3F5-54A5-4ACB-8C07-5E46BFE21DD1}.Debug|Any CPU.Build.0 = Debug|Any CPU
		{A763A3F5-54A5-4ACB-8C07-5E46BFE21DD1}.Release|Any CPU.ActiveCfg = Release|Any CPU
		{A763A3F5-54A5-4ACB-8C07-5E46BFE21DD1}.Release|Any CPU.Build.0 = Release|Any CPU
	EndGlobalSection
	GlobalSection(SolutionProperties) = preSolution
		HideSolutionNode = FALSE
	EndGlobalSection
	GlobalSection(ExtensibilityGlobals) = postSolution
		SolutionGuid = {4BB164BC-00C3-467A-9999-5235A3528278}
	EndGlobalSection
EndGlobal
